
Microsoft Visual Studio Solution File, Format Version 12.00
# Visual Studio Version 17
VisualStudioVersion = 17.7.34202.233
MinimumVisualStudioVersion = 10.0.40219.1
Project("{9A19103F-16F7-4668-BE54-9A1E7A4F7556}") = "MHC.Domain", "MHC.Domain\MHC.Domain.csproj", "{5941F167-60CB-437E-98F3-59303C8BA249}"
EndProject
Project("{9A19103F-16F7-4668-BE54-9A1E7A4F7556}") = "MHC.Application", "MHC.Application\MHC.Application.csproj", "{24D63126-F6ED-422A-AEB8-7C09F70DA2D9}"
EndProject
Project("{9A19103F-16F7-4668-BE54-9A1E7A4F7556}") = "MHC.Infrastructure", "MHC.Infrastructure\MHC.Infrastructure.csproj", "{25A3A59D-85FE-4B0A-A8A9-B7790ACA41CB}"
EndProject
Project("{9A19103F-16F7-4668-BE54-9A1E7A4F7556}") = "MHC.API", "MHC.API\MHC.API.csproj", "{3027F533-FD63-4F18-BE7F-93A86273B7B5}"
EndProject
Project("{FAE04EC0-301F-11D3-BF4B-00C04F79EFBC}") = "MHC.Presentation", "MHC.Presentation\MHC.Presentation.csproj", "{E2AC21FC-B770-4C31-BFC8-9E0631996D8E}"
EndProject
Global
	GlobalSection(SolutionConfigurationPlatforms) = preSolution
		Debug|Any CPU = Debug|Any CPU
		Release|Any CPU = Release|Any CPU
	EndGlobalSection
	GlobalSection(ProjectConfigurationPlatforms) = postSolution
		{5941F167-60CB-437E-98F3-59303C8BA249}.Debug|Any CPU.ActiveCfg = Debug|Any CPU
		{5941F167-60CB-437E-98F3-59303C8BA249}.Debug|Any CPU.Build.0 = Debug|Any CPU
		{5941F167-60CB-437E-98F3-59303C8BA249}.Release|Any CPU.ActiveCfg = Release|Any CPU
		{5941F167-60CB-437E-98F3-59303C8BA249}.Release|Any CPU.Build.0 = Release|Any CPU
		{24D63126-F6ED-422A-AEB8-7C09F70DA2D9}.Debug|Any CPU.ActiveCfg = Debug|Any CPU
		{24D63126-F6ED-422A-AEB8-7C09F70DA2D9}.Debug|Any CPU.Build.0 = Debug|Any CPU
		{24D63126-F6ED-422A-AEB8-7C09F70DA2D9}.Release|Any CPU.ActiveCfg = Release|Any CPU
		{24D63126-F6ED-422A-AEB8-7C09F70DA2D9}.Release|Any CPU.Build.0 = Release|Any CPU
		{25A3A59D-85FE-4B0A-A8A9-B7790ACA41CB}.Debug|Any CPU.ActiveCfg = Debug|Any CPU
		{25A3A59D-85FE-4B0A-A8A9-B7790ACA41CB}.Debug|Any CPU.Build.0 = Debug|Any CPU
		{25A3A59D-85FE-4B0A-A8A9-B7790ACA41CB}.Release|Any CPU.ActiveCfg = Release|Any CPU
		{25A3A59D-85FE-4B0A-A8A9-B7790ACA41CB}.Release|Any CPU.Build.0 = Release|Any CPU
		{3027F533-FD63-4F18-BE7F-93A86273B7B5}.Debug|Any CPU.ActiveCfg = Debug|Any CPU
		{3027F533-FD63-4F18-BE7F-93A86273B7B5}.Debug|Any CPU.Build.0 = Debug|Any CPU
		{3027F533-FD63-4F18-BE7F-93A86273B7B5}.Release|Any CPU.ActiveCfg = Release|Any CPU
		{3027F533-FD63-4F18-BE7F-93A86273B7B5}.Release|Any CPU.Build.0 = Release|Any CPU
		{E2AC21FC-B770-4C31-BFC8-9E0631996D8E}.Debug|Any CPU.ActiveCfg = Debug|Any CPU
		{E2AC21FC-B770-4C31-BFC8-9E0631996D8E}.Debug|Any CPU.Build.0 = Debug|Any CPU
		{E2AC21FC-B770-4C31-BFC8-9E0631996D8E}.Release|Any CPU.ActiveCfg = Release|Any CPU
		{E2AC21FC-B770-4C31-BFC8-9E0631996D8E}.Release|Any CPU.Build.0 = Release|Any CPU
	EndGlobalSection
	GlobalSection(SolutionProperties) = preSolution
		HideSolutionNode = FALSE
	EndGlobalSection
	GlobalSection(ExtensibilityGlobals) = postSolution
		SolutionGuid = {60AB8075-D804-4CD2-AB82-9D1CFBDE89F6}
	EndGlobalSection
EndGlobal
